// !$*UTF8*$!
{
	archiveVersion = 1;
	classes = {
	};
	objectVersion = 77;
	objects = {

/* Begin PBXBuildFile section */
		1BAB9ABF2EBA582F009B5162 /* PinrySettings.swift in Sources */ = {isa = PBXBuildFile; fileRef = 1BAB9ABC2EBA582F009B5162 /* PinrySettings.swift */; };
		1BAB9AC02EBA582F009B5162 /* KeychainStore.swift in Sources */ = {isa = PBXBuildFile; fileRef = 1BAB9ABB2EBA582F009B5162 /* KeychainStore.swift */; };
		1BAB9AC12EBA582F009B5162 /* PinryUploader.swift in Sources */ = {isa = PBXBuildFile; fileRef = 1BAB9ABD2EBA582F009B5162 /* PinryUploader.swift */; };
		1BAB9AC22EBA5854009B5162 /* PinrySettings.swift in Sources */ = {isa = PBXBuildFile; fileRef = 1BAB9ABC2EBA582F009B5162 /* PinrySettings.swift */; };
		1BAB9AC32EBA5854009B5162 /* PinryUploader.swift in Sources */ = {isa = PBXBuildFile; fileRef = 1BAB9ABD2EBA582F009B5162 /* PinryUploader.swift */; };
		1BAB9AC42EBA5854009B5162 /* KeychainStore.swift in Sources */ = {isa = PBXBuildFile; fileRef = 1BAB9ABB2EBA582F009B5162 /* KeychainStore.swift */; };
		1BAB9AC52EBA5900009B5162 /* PinryModels.swift in Sources */ = {isa = PBXBuildFile; fileRef = 1BAB9AC72EBA58FF009B5162 /* PinryModels.swift */; };
		1BAB9AC62EBA5900009B5162 /* PinryFetcher.swift in Sources */ = {isa = PBXBuildFile; fileRef = 1BAB9AC82EBA58FF009B5162 /* PinryFetcher.swift */; };
		1BAB9AC92EBA5901009B5162 /* PinryModels.swift in Sources */ = {isa = PBXBuildFile; fileRef = 1BAB9AC72EBA58FF009B5162 /* PinryModels.swift */; };
		1BAB9ACA2EBA5901009B5162 /* PinryFetcher.swift in Sources */ = {isa = PBXBuildFile; fileRef = 1BAB9AC82EBA58FF009B5162 /* PinryFetcher.swift */; };
		1BAB9ACB2EBA5902009B5162 /* ImageClassifier.swift in Sources */ = {isa = PBXBuildFile; fileRef = 1BAB9ACE2EBA5902009B5162 /* ImageClassifier.swift */; };
		1BAB9ACC2EBA5903009B5162 /* ImageClassifier.swift in Sources */ = {isa = PBXBuildFile; fileRef = 1BAB9ACE2EBA5902009B5162 /* ImageClassifier.swift */; };
		1BB87E0B2E901DFD00E69DDB /* PinryShareExtension.appex in Embed Foundation Extensions */ = {isa = PBXBuildFile; fileRef = 1BB87E012E901DFD00E69DDB /* PinryShareExtension.appex */; settings = {ATTRIBUTES = (RemoveHeadersOnCopy, ); }; };
/* End PBXBuildFile section */

/* Begin PBXContainerItemProxy section */
		1BB87E092E901DFD00E69DDB /* PBXContainerItemProxy */ = {
			isa = PBXContainerItemProxy;
			containerPortal = 1BB87DE62E901D2000E69DDB /* Project object */;
			proxyType = 1;
			remoteGlobalIDString = 1BB87E002E901DFD00E69DDB;
			remoteInfo = PinryShareExtension;
		};
/* End PBXContainerItemProxy section */

/* Begin PBXCopyFilesBuildPhase section */
		1BB87E102E901DFD00E69DDB /* Embed Foundation Extensions */ = {
			isa = PBXCopyFilesBuildPhase;
			buildActionMask = 2147483647;
			dstPath = "";
			dstSubfolderSpec = 13;
			files = (
				1BB87E0B2E901DFD00E69DDB /* PinryShareExtension.appex in Embed Foundation Extensions */,
			);
			name = "Embed Foundation Extensions";
			runOnlyForDeploymentPostprocessing = 0;
		};
/* End PBXCopyFilesBuildPhase section */

/* Begin PBXFileReference section */
		1BAB9ABB2EBA582F009B5162 /* KeychainStore.swift */ = {isa = PBXFileReference; lastKnownFileType = sourcecode.swift; path = KeychainStore.swift; sourceTree = "<group>"; };
		1BAB9ABC2EBA582F009B5162 /* PinrySettings.swift */ = {isa = PBXFileReference; lastKnownFileType = sourcecode.swift; path = PinrySettings.swift; sourceTree = "<group>"; };
		1BAB9ABD2EBA582F009B5162 /* PinryUploader.swift */ = {isa = PBXFileReference; lastKnownFileType = sourcecode.swift; path = PinryUploader.swift; sourceTree = "<group>"; };
		1BAB9AC72EBA58FF009B5162 /* PinryModels.swift */ = {isa = PBXFileReference; lastKnownFileType = sourcecode.swift; path = PinryModels.swift; sourceTree = "<group>"; };
		1BAB9AC82EBA58FF009B5162 /* PinryFetcher.swift */ = {isa = PBXFileReference; lastKnownFileType = sourcecode.swift; path = PinryFetcher.swift; sourceTree = "<group>"; };
		1BAB9ACE2EBA5902009B5162 /* ImageClassifier.swift */ = {isa = PBXFileReference; lastKnownFileType = sourcecode.swift; path = ImageClassifier.swift; sourceTree = "<group>"; };
		1BB87DEE2E901D2000E69DDB /* pinry-saver-ios-2.app */ = {isa = PBXFileReference; explicitFileType = wrapper.application; includeInIndex = 0; path = "pinry-saver-ios-2.app"; sourceTree = BUILT_PRODUCTS_DIR; };
		1BB87E012E901DFD00E69DDB /* PinryShareExtension.appex */ = {isa = PBXFileReference; explicitFileType = "wrapper.app-extension"; includeInIndex = 0; path = PinryShareExtension.appex; sourceTree = BUILT_PRODUCTS_DIR; };
/* End PBXFileReference section */

/* Begin PBXFileSystemSynchronizedBuildFileExceptionSet section */
		1BB87E0C2E901DFD00E69DDB /* Exceptions for "PinryShareExtension" folder in "PinryShareExtension" target */ = {
			isa = PBXFileSystemSynchronizedBuildFileExceptionSet;
			membershipExceptions = (
				Info.plist,
			);
			target = 1BB87E002E901DFD00E69DDB /* PinryShareExtension */;
		};
/* End PBXFileSystemSynchronizedBuildFileExceptionSet section */

/* Begin PBXFileSystemSynchronizedRootGroup section */
		1BB87DF02E901D2000E69DDB /* pinry-saver-ios-2 */ = {
			isa = PBXFileSystemSynchronizedRootGroup;
			path = "pinry-saver-ios-2";
			sourceTree = "<group>";
		};
		1BB87E022E901DFD00E69DDB /* PinryShareExtension */ = {
			isa = PBXFileSystemSynchronizedRootGroup;
			exceptions = (
				1BB87E0C2E901DFD00E69DDB /* Exceptions for "PinryShareExtension" folder in "PinryShareExtension" target */,
			);
			path = PinryShareExtension;
			sourceTree = "<group>";
		};
/* End PBXFileSystemSynchronizedRootGroup section */

/* Begin PBXFrameworksBuildPhase section */
		1BB87DEB2E901D2000E69DDB /* Frameworks */ = {
			isa = PBXFrameworksBuildPhase;
			buildActionMask = 2147483647;
			files = (
			);
			runOnlyForDeploymentPostprocessing = 0;
		};
		1BB87DFE2E901DFD00E69DDB /* Frameworks */ = {
			isa = PBXFrameworksBuildPhase;
			buildActionMask = 2147483647;
			files = (
			);
			runOnlyForDeploymentPostprocessing = 0;
		};
/* End PBXFrameworksBuildPhase section */

/* Begin PBXGroup section */
		1BAB9ABE2EBA582F009B5162 /* PinryShared */ = {
			isa = PBXGroup;
			children = (
				1BAB9ABB2EBA582F009B5162 /* KeychainStore.swift */,
				1BAB9ABC2EBA582F009B5162 /* PinrySettings.swift */,
				1BAB9ABD2EBA582F009B5162 /* PinryUploader.swift */,
				1BAB9AC72EBA58FF009B5162 /* PinryModels.swift */,
				1BAB9AC82EBA58FF009B5162 /* PinryFetcher.swift */,
				1BAB9ACE2EBA5902009B5162 /* ImageClassifier.swift */,
			);
			path = PinryShared;
			sourceTree = "<group>";
		};
		1BB87DE52E901D2000E69DDB = {
			isa = PBXGroup;
			children = (
				1BAB9ABE2EBA582F009B5162 /* PinryShared */,
				1BB87DF02E901D2000E69DDB /* pinry-saver-ios-2 */,
				1BB87E022E901DFD00E69DDB /* PinryShareExtension */,
				1BB87DEF2E901D2000E69DDB /* Products */,
			);
			sourceTree = "<group>";
		};
		1BB87DEF2E901D2000E69DDB /* Products */ = {
			isa = PBXGroup;
			children = (
				1BB87DEE2E901D2000E69DDB /* pinry-saver-ios-2.app */,
				1BB87E012E901DFD00E69DDB /* PinryShareExtension.appex */,
			);
			name = Products;
			sourceTree = "<group>";
		};
/* End PBXGroup section */

/* Begin PBXNativeTarget section */
		1BB87DED2E901D2000E69DDB /* pinry-saver-ios-2 */ = {
			isa = PBXNativeTarget;
			buildConfigurationList = 1BB87DF92E901D2200E69DDB /* Build configuration list for PBXNativeTarget "pinry-saver-ios-2" */;
			buildPhases = (
				1BB87DEA2E901D2000E69DDB /* Sources */,
				1BB87DEB2E901D2000E69DDB /* Frameworks */,
				1BB87DEC2E901D2000E69DDB /* Resources */,
				1BB87E102E901DFD00E69DDB /* Embed Foundation Extensions */,
			);
			buildRules = (
			);
			dependencies = (
				1BB87E0A2E901DFD00E69DDB /* PBXTargetDependency */,
			);
			fileSystemSynchronizedGroups = (
				1BB87DF02E901D2000E69DDB /* pinry-saver-ios-2 */,
			);
			name = "pinry-saver-ios-2";
			packageProductDependencies = (
			);
			productName = "pinry-saver-ios-2";
			productReference = 1BB87DEE2E901D2000E69DDB /* pinry-saver-ios-2.app */;
			productType = "com.apple.product-type.application";
		};
		1BB87E002E901DFD00E69DDB /* PinryShareExtension */ = {
			isa = PBXNativeTarget;
			buildConfigurationList = 1BB87E0D2E901DFD00E69DDB /* Build configuration list for PBXNativeTarget "PinryShareExtension" */;
			buildPhases = (
				1BB87DFD2E901DFD00E69DDB /* Sources */,
				1BB87DFE2E901DFD00E69DDB /* Frameworks */,
				1BB87DFF2E901DFD00E69DDB /* Resources */,
			);
			buildRules = (
			);
			dependencies = (
			);
			fileSystemSynchronizedGroups = (
				1BB87E022E901DFD00E69DDB /* PinryShareExtension */,
			);
			name = PinryShareExtension;
			packageProductDependencies = (
			);
			productName = PinryShareExtension;
			productReference = 1BB87E012E901DFD00E69DDB /* PinryShareExtension.appex */;
			productType = "com.apple.product-type.app-extension";
		};
/* End PBXNativeTarget section */

/* Begin PBXProject section */
		1BB87DE62E901D2000E69DDB /* Project object */ = {
			isa = PBXProject;
			attributes = {
				BuildIndependentTargetsInParallel = 1;
				LastSwiftUpdateCheck = 2600;
				LastUpgradeCheck = 2600;
				TargetAttributes = {
					1BB87DED2E901D2000E69DDB = {
						CreatedOnToolsVersion = 26.0.1;
					};
					1BB87E002E901DFD00E69DDB = {
						CreatedOnToolsVersion = 26.0.1;
					};
				};
			};
			buildConfigurationList = 1BB87DE92E901D2000E69DDB /* Build configuration list for PBXProject "pinry-saver-ios-2" */;
			developmentRegion = en;
			hasScannedForEncodings = 0;
			knownRegions = (
				en,
				Base,
			);
			mainGroup = 1BB87DE52E901D2000E69DDB;
			minimizedProjectReferenceProxies = 1;
			preferredProjectObjectVersion = 77;
			productRefGroup = 1BB87DEF2E901D2000E69DDB /* Products */;
			projectDirPath = "";
			projectRoot = "";
			targets = (
				1BB87DED2E901D2000E69DDB /* pinry-saver-ios-2 */,
				1BB87E002E901DFD00E69DDB /* PinryShareExtension */,
			);
		};
/* End PBXProject section */

/* Begin PBXResourcesBuildPhase section */
		1BB87DEC2E901D2000E69DDB /* Resources */ = {
			isa = PBXResourcesBuildPhase;
			buildActionMask = 2147483647;
			files = (
			);
			runOnlyForDeploymentPostprocessing = 0;
		};
		1BB87DFF2E901DFD00E69DDB /* Resources */ = {
			isa = PBXResourcesBuildPhase;
			buildActionMask = 2147483647;
			files = (
			);
			runOnlyForDeploymentPostprocessing = 0;
		};
/* End PBXResourcesBuildPhase section */

/* Begin PBXSourcesBuildPhase section */
		1BB87DEA2E901D2000E69DDB /* Sources */ = {
			isa = PBXSourcesBuildPhase;
			buildActionMask = 2147483647;
			files = (
				1BAB9AC22EBA5854009B5162 /* PinrySettings.swift in Sources */,
				1BAB9AC32EBA5854009B5162 /* PinryUploader.swift in Sources */,
				1BAB9AC42EBA5854009B5162 /* KeychainStore.swift in Sources */,
				1BAB9AC92EBA5901009B5162 /* PinryModels.swift in Sources */,
				1BAB9ACA2EBA5901009B5162 /* PinryFetcher.swift in Sources */,
				1BAB9ACC2EBA5903009B5162 /* ImageClassifier.swift in Sources */,
			);
			runOnlyForDeploymentPostprocessing = 0;
		};
		1BB87DFD2E901DFD00E69DDB /* Sources */ = {
			isa = PBXSourcesBuildPhase;
			buildActionMask = 2147483647;
			files = (
				1BAB9ABF2EBA582F009B5162 /* PinrySettings.swift in Sources */,
				1BAB9AC02EBA582F009B5162 /* KeychainStore.swift in Sources */,
				1BAB9AC12EBA582F009B5162 /* PinryUploader.swift in Sources */,
				1BAB9AC52EBA5900009B5162 /* PinryModels.swift in Sources */,
				1BAB9AC62EBA5900009B5162 /* PinryFetcher.swift in Sources */,
				1BAB9ACB2EBA5902009B5162 /* ImageClassifier.swift in Sources */,
			);
			runOnlyForDeploymentPostprocessing = 0;
		};
/* End PBXSourcesBuildPhase section */

/* Begin PBXTargetDependency section */
		1BB87E0A2E901DFD00E69DDB /* PBXTargetDependency */ = {
			isa = PBXTargetDependency;
			target = 1BB87E002E901DFD00E69DDB /* PinryShareExtension */;
			targetProxy = 1BB87E092E901DFD00E69DDB /* PBXContainerItemProxy */;
		};
/* End PBXTargetDependency section */

/* Begin XCBuildConfiguration section */
		1BB87DF72E901D2200E69DDB /* Debug */ = {
			isa = XCBuildConfiguration;
			buildSettings = {
				ALWAYS_SEARCH_USER_PATHS = NO;
				ASSETCATALOG_COMPILER_GENERATE_SWIFT_ASSET_SYMBOL_EXTENSIONS = YES;
				CLANG_ANALYZER_NONNULL = YES;
				CLANG_ANALYZER_NUMBER_OBJECT_CONVERSION = YES_AGGRESSIVE;
				CLANG_CXX_LANGUAGE_STANDARD = "gnu++20";
				CLANG_ENABLE_MODULES = YES;
				CLANG_ENABLE_OBJC_ARC = YES;
				CLANG_ENABLE_OBJC_WEAK = YES;
				CLANG_WARN_BLOCK_CAPTURE_AUTORELEASING = YES;
				CLANG_WARN_BOOL_CONVERSION = YES;
				CLANG_WARN_COMMA = YES;
				CLANG_WARN_CONSTANT_CONVERSION = YES;
				CLANG_WARN_DEPRECATED_OBJC_IMPLEMENTATIONS = YES;
				CLANG_WARN_DIRECT_OBJC_ISA_USAGE = YES_ERROR;
				CLANG_WARN_DOCUMENTATION_COMMENTS = YES;
				CLANG_WARN_EMPTY_BODY = YES;
				CLANG_WARN_ENUM_CONVERSION = YES;
				CLANG_WARN_INFINITE_RECURSION = YES;
				CLANG_WARN_INT_CONVERSION = YES;
				CLANG_WARN_NON_LITERAL_NULL_CONVERSION = YES;
				CLANG_WARN_OBJC_IMPLICIT_RETAIN_SELF = YES;
				CLANG_WARN_OBJC_LITERAL_CONVERSION = YES;
				CLANG_WARN_OBJC_ROOT_CLASS = YES_ERROR;
				CLANG_WARN_QUOTED_INCLUDE_IN_FRAMEWORK_HEADER = YES;
				CLANG_WARN_RANGE_LOOP_ANALYSIS = YES;
				CLANG_WARN_STRICT_PROTOTYPES = YES;
				CLANG_WARN_SUSPICIOUS_MOVE = YES;
				CLANG_WARN_UNGUARDED_AVAILABILITY = YES_AGGRESSIVE;
				CLANG_WARN_UNREACHABLE_CODE = YES;
				CLANG_WARN__DUPLICATE_METHOD_MATCH = YES;
				COPY_PHASE_STRIP = NO;
				"CURRENT_PROJECT_VERSION[sdk=*]" = 1.2;
				DEBUG_INFORMATION_FORMAT = dwarf;
				DEVELOPMENT_TEAM = 6PB44SHJS5;
				ENABLE_STRICT_OBJC_MSGSEND = YES;
				ENABLE_TESTABILITY = YES;
				ENABLE_USER_SCRIPT_SANDBOXING = YES;
				GCC_C_LANGUAGE_STANDARD = gnu17;
				GCC_DYNAMIC_NO_PIC = NO;
				GCC_NO_COMMON_BLOCKS = YES;
				GCC_OPTIMIZATION_LEVEL = 0;
				GCC_PREPROCESSOR_DEFINITIONS = (
					"DEBUG=1",
					"$(inherited)",
				);
				GCC_WARN_64_TO_32_BIT_CONVERSION = YES;
				GCC_WARN_ABOUT_RETURN_TYPE = YES_ERROR;
				GCC_WARN_UNDECLARED_SELECTOR = YES;
				GCC_WARN_UNINITIALIZED_AUTOS = YES_AGGRESSIVE;
				GCC_WARN_UNUSED_FUNCTION = YES;
				GCC_WARN_UNUSED_VARIABLE = YES;
				IPHONEOS_DEPLOYMENT_TARGET = 18.6;
				LOCALIZATION_PREFERS_STRING_CATALOGS = YES;
				MTL_ENABLE_DEBUG_INFO = INCLUDE_SOURCE;
				MTL_FAST_MATH = YES;
				ONLY_ACTIVE_ARCH = YES;
				SDKROOT = iphoneos;
				SWIFT_ACTIVE_COMPILATION_CONDITIONS = "DEBUG $(inherited)";
				SWIFT_OPTIMIZATION_LEVEL = "-Onone";
			};
			name = Debug;
		};
		1BB87DF82E901D2200E69DDB /* Release */ = {
			isa = XCBuildConfiguration;
			buildSettings = {
				ALWAYS_SEARCH_USER_PATHS = NO;
				ASSETCATALOG_COMPILER_GENERATE_SWIFT_ASSET_SYMBOL_EXTENSIONS = YES;
				CLANG_ANALYZER_NONNULL = YES;
				CLANG_ANALYZER_NUMBER_OBJECT_CONVERSION = YES_AGGRESSIVE;
				CLANG_CXX_LANGUAGE_STANDARD = "gnu++20";
				CLANG_ENABLE_MODULES = YES;
				CLANG_ENABLE_OBJC_ARC = YES;
				CLANG_ENABLE_OBJC_WEAK = YES;
				CLANG_WARN_BLOCK_CAPTURE_AUTORELEASING = YES;
				CLANG_WARN_BOOL_CONVERSION = YES;
				CLANG_WARN_COMMA = YES;
				CLANG_WARN_CONSTANT_CONVERSION = YES;
				CLANG_WARN_DEPRECATED_OBJC_IMPLEMENTATIONS = YES;
				CLANG_WARN_DIRECT_OBJC_ISA_USAGE = YES_ERROR;
				CLANG_WARN_DOCUMENTATION_COMMENTS = YES;
				CLANG_WARN_EMPTY_BODY = YES;
				CLANG_WARN_ENUM_CONVERSION = YES;
				CLANG_WARN_INFINITE_RECURSION = YES;
				CLANG_WARN_INT_CONVERSION = YES;
				CLANG_WARN_NON_LITERAL_NULL_CONVERSION = YES;
				CLANG_WARN_OBJC_IMPLICIT_RETAIN_SELF = YES;
				CLANG_WARN_OBJC_LITERAL_CONVERSION = YES;
				CLANG_WARN_OBJC_ROOT_CLASS = YES_ERROR;
				CLANG_WARN_QUOTED_INCLUDE_IN_FRAMEWORK_HEADER = YES;
				CLANG_WARN_RANGE_LOOP_ANALYSIS = YES;
				CLANG_WARN_STRICT_PROTOTYPES = YES;
				CLANG_WARN_SUSPICIOUS_MOVE = YES;
				CLANG_WARN_UNGUARDED_AVAILABILITY = YES_AGGRESSIVE;
				CLANG_WARN_UNREACHABLE_CODE = YES;
				CLANG_WARN__DUPLICATE_METHOD_MATCH = YES;
				COPY_PHASE_STRIP = NO;
				"CURRENT_PROJECT_VERSION[sdk=*]" = 1.2;
				DEBUG_INFORMATION_FORMAT = "dwarf-with-dsym";
				DEVELOPMENT_TEAM = 6PB44SHJS5;
				ENABLE_NS_ASSERTIONS = NO;
				ENABLE_STRICT_OBJC_MSGSEND = YES;
				ENABLE_USER_SCRIPT_SANDBOXING = YES;
				GCC_C_LANGUAGE_STANDARD = gnu17;
				GCC_NO_COMMON_BLOCKS = YES;
				GCC_WARN_64_TO_32_BIT_CONVERSION = YES;
				GCC_WARN_ABOUT_RETURN_TYPE = YES_ERROR;
				GCC_WARN_UNDECLARED_SELECTOR = YES;
				GCC_WARN_UNINITIALIZED_AUTOS = YES_AGGRESSIVE;
				GCC_WARN_UNUSED_FUNCTION = YES;
				GCC_WARN_UNUSED_VARIABLE = YES;
				IPHONEOS_DEPLOYMENT_TARGET = 18.6;
				LOCALIZATION_PREFERS_STRING_CATALOGS = YES;
				MTL_ENABLE_DEBUG_INFO = NO;
				MTL_FAST_MATH = YES;
				ONLY_ACTIVE_ARCH = YES;
				SDKROOT = iphoneos;
				SWIFT_COMPILATION_MODE = wholemodule;
				VALIDATE_PRODUCT = YES;
			};
			name = Release;
		};
		1BB87DFA2E901D2200E69DDB /* Debug */ = {
			isa = XCBuildConfiguration;
			buildSettings = {
				ASSETCATALOG_COMPILER_APPICON_NAME = AppIcon;
				ASSETCATALOG_COMPILER_GLOBAL_ACCENT_COLOR_NAME = AccentColor;
				CODE_SIGN_ENTITLEMENTS = "pinry-saver-ios-2/pinry-saver-ios-2.entitlements";
				CODE_SIGN_STYLE = Automatic;
				CURRENT_PROJECT_VERSION = 1;
				DEVELOPMENT_TEAM = 6PB44SHJS5;
				ENABLE_PREVIEWS = YES;
				GENERATE_INFOPLIST_FILE = YES;
				INFOPLIST_KEY_UIApplicationSceneManifest_Generation = YES;
				INFOPLIST_KEY_UIApplicationSupportsIndirectInputEvents = YES;
				INFOPLIST_KEY_UILaunchScreen_Generation = YES;
				INFOPLIST_KEY_UISupportedInterfaceOrientations_iPad = "UIInterfaceOrientationPortrait UIInterfaceOrientationPortraitUpsideDown UIInterfaceOrientationLandscapeLeft UIInterfaceOrientationLandscapeRight";
				INFOPLIST_KEY_UISupportedInterfaceOrientations_iPhone = "UIInterfaceOrientationPortrait UIInterfaceOrientationLandscapeLeft UIInterfaceOrientationLandscapeRight";
				IPHONEOS_DEPLOYMENT_TARGET = 18.6;
				LD_RUNPATH_SEARCH_PATHS = (
					"$(inherited)",
					"@executable_path/Frameworks",
				);
				MARKETING_VERSION = 1.0;
				PRODUCT_BUNDLE_IDENTIFIER = com.example.pinrysaver;
				PRODUCT_NAME = "$(TARGET_NAME)";
				STRING_CATALOG_GENERATE_SYMBOLS = YES;
				SUPPORTED_PLATFORMS = "iphoneos iphonesimulator";
				SUPPORTS_MACCATALYST = NO;
				SUPPORTS_MAC_DESIGNED_FOR_IPHONE_IPAD = NO;
				SUPPORTS_XR_DESIGNED_FOR_IPHONE_IPAD = NO;
				SWIFT_APPROACHABLE_CONCURRENCY = YES;
				SWIFT_DEFAULT_ACTOR_ISOLATION = MainActor;
				SWIFT_EMIT_LOC_STRINGS = YES;
				SWIFT_UPCOMING_FEATURE_MEMBER_IMPORT_VISIBILITY = YES;
				SWIFT_VERSION = 5.0;
				TARGETED_DEVICE_FAMILY = "1,2";
				entitlements = "PinrySaver-Entitlements.entitlements";
			};
			name = Debug;
		};
		1BB87DFB2E901D2200E69DDB /* Release */ = {
			isa = XCBuildConfiguration;
			buildSettings = {
				ASSETCATALOG_COMPILER_APPICON_NAME = AppIcon;
				ASSETCATALOG_COMPILER_GLOBAL_ACCENT_COLOR_NAME = AccentColor;
				CODE_SIGN_ENTITLEMENTS = "pinry-saver-ios-2/pinry-saver-ios-2.entitlements";
				CODE_SIGN_STYLE = Automatic;
				CURRENT_PROJECT_VERSION = 1;
				DEVELOPMENT_TEAM = 6PB44SHJS5;
				ENABLE_PREVIEWS = YES;
				GENERATE_INFOPLIST_FILE = YES;
				INFOPLIST_KEY_UIApplicationSceneManifest_Generation = YES;
				INFOPLIST_KEY_UIApplicationSupportsIndirectInputEvents = YES;
				INFOPLIST_KEY_UILaunchScreen_Generation = YES;
				INFOPLIST_KEY_UISupportedInterfaceOrientations_iPad = "UIInterfaceOrientationPortrait UIInterfaceOrientationPortraitUpsideDown UIInterfaceOrientationLandscapeLeft UIInterfaceOrientationLandscapeRight";
				INFOPLIST_KEY_UISupportedInterfaceOrientations_iPhone = "UIInterfaceOrientationPortrait UIInterfaceOrientationLandscapeLeft UIInterfaceOrientationLandscapeRight";
				IPHONEOS_DEPLOYMENT_TARGET = 18.6;
				LD_RUNPATH_SEARCH_PATHS = (
					"$(inherited)",
					"@executable_path/Frameworks",
				);
				MARKETING_VERSION = 1.0;
				PRODUCT_BUNDLE_IDENTIFIER = com.example.pinrysaver;
				PRODUCT_NAME = "$(TARGET_NAME)";
				STRING_CATALOG_GENERATE_SYMBOLS = YES;
				SUPPORTED_PLATFORMS = "iphoneos iphonesimulator";
				SUPPORTS_MACCATALYST = NO;
				SUPPORTS_MAC_DESIGNED_FOR_IPHONE_IPAD = NO;
				SUPPORTS_XR_DESIGNED_FOR_IPHONE_IPAD = NO;
				SWIFT_APPROACHABLE_CONCURRENCY = YES;
				SWIFT_DEFAULT_ACTOR_ISOLATION = MainActor;
				SWIFT_EMIT_LOC_STRINGS = YES;
				SWIFT_UPCOMING_FEATURE_MEMBER_IMPORT_VISIBILITY = YES;
				SWIFT_VERSION = 5.0;
				TARGETED_DEVICE_FAMILY = "1,2";
				entitlements = "PinrySaver-Entitlements.entitlements";
			};
			name = Release;
		};
		1BB87E0E2E901DFD00E69DDB /* Debug */ = {
			isa = XCBuildConfiguration;
			buildSettings = {
				CODE_SIGN_ENTITLEMENTS = PinryShareExtension/PinryShareExtension.entitlements;
				CODE_SIGN_STYLE = Automatic;
				CURRENT_PROJECT_VERSION = 1;
				DEVELOPMENT_TEAM = 6PB44SHJS5;
				GENERATE_INFOPLIST_FILE = YES;
				INFOPLIST_FILE = PinryShareExtension/Info.plist;
				INFOPLIST_KEY_CFBundleDisplayName = PinryShareExtension;
				INFOPLIST_KEY_NSHumanReadableCopyright = "";
				IPHONEOS_DEPLOYMENT_TARGET = 18.6;
				LD_RUNPATH_SEARCH_PATHS = (
					"$(inherited)",
					"@executable_path/Frameworks",
					"@executable_path/../../Frameworks",
				);
				MARKETING_VERSION = 1.0;
				PRODUCT_BUNDLE_IDENTIFIER = com.example.pinrysaver.shareextension;
				PRODUCT_NAME = "$(TARGET_NAME)";
				SKIP_INSTALL = YES;
				STRING_CATALOG_GENERATE_SYMBOLS = YES;
				SUPPORTED_PLATFORMS = "iphoneos iphonesimulator";
				SUPPORTS_MACCATALYST = NO;
				SUPPORTS_MAC_DESIGNED_FOR_IPHONE_IPAD = NO;
				SUPPORTS_XR_DESIGNED_FOR_IPHONE_IPAD = NO;
				SWIFT_APPROACHABLE_CONCURRENCY = YES;
				SWIFT_EMIT_LOC_STRINGS = YES;
				SWIFT_UPCOMING_FEATURE_MEMBER_IMPORT_VISIBILITY = YES;
				SWIFT_VERSION = 5.0;
				TARGETED_DEVICE_FAMILY = "1,2";
				entitlements = "PinryShareExtension-Entitlements.entitlements";
			};
			name = Debug;
		};
		1BB87E0F2E901DFD00E69DDB /* Release */ = {
			isa = XCBuildConfiguration;
			buildSettings = {
				CODE_SIGN_ENTITLEMENTS = PinryShareExtension/PinryShareExtension.entitlements;
				CODE_SIGN_STYLE = Automatic;
				CURRENT_PROJECT_VERSION = 1;
				DEVELOPMENT_TEAM = 6PB44SHJS5;
				GENERATE_INFOPLIST_FILE = YES;
				INFOPLIST_FILE = PinryShareExtension/Info.plist;
				INFOPLIST_KEY_CFBundleDisplayName = PinryShareExtension;
				INFOPLIST_KEY_NSHumanReadableCopyright = "";
				IPHONEOS_DEPLOYMENT_TARGET = 18.6;
				LD_RUNPATH_SEARCH_PATHS = (
					"$(inherited)",
					"@executable_path/Frameworks",
					"@executable_path/../../Frameworks",
				);
				MARKETING_VERSION = 1.0;
				PRODUCT_BUNDLE_IDENTIFIER = com.example.pinrysaver.shareextension;
				PRODUCT_NAME = "$(TARGET_NAME)";
				SKIP_INSTALL = YES;
				STRING_CATALOG_GENERATE_SYMBOLS = YES;
				SUPPORTED_PLATFORMS = "iphoneos iphonesimulator";
				SUPPORTS_MACCATALYST = NO;
				SUPPORTS_MAC_DESIGNED_FOR_IPHONE_IPAD = NO;
				SUPPORTS_XR_DESIGNED_FOR_IPHONE_IPAD = NO;
				SWIFT_APPROACHABLE_CONCURRENCY = YES;
				SWIFT_EMIT_LOC_STRINGS = YES;
				SWIFT_UPCOMING_FEATURE_MEMBER_IMPORT_VISIBILITY = YES;
				SWIFT_VERSION = 5.0;
				TARGETED_DEVICE_FAMILY = "1,2";
				entitlements = "PinryShareExtension-Entitlements.entitlements";
			};
			name = Release;
		};
/* End XCBuildConfiguration section */

/* Begin XCConfigurationList section */
		1BB87DE92E901D2000E69DDB /* Build configuration list for PBXProject "pinry-saver-ios-2" */ = {
			isa = XCConfigurationList;
			buildConfigurations = (
				1BB87DF72E901D2200E69DDB /* Debug */,
				1BB87DF82E901D2200E69DDB /* Release */,
			);
			defaultConfigurationIsVisible = 0;
			defaultConfigurationName = Debug;
		};
		1BB87DF92E901D2200E69DDB /* Build configuration list for PBXNativeTarget "pinry-saver-ios-2" */ = {
			isa = XCConfigurationList;
			buildConfigurations = (
				1BB87DFA2E901D2200E69DDB /* Debug */,
				1BB87DFB2E901D2200E69DDB /* Release */,
			);
			defaultConfigurationIsVisible = 0;
			defaultConfigurationName = Debug;
		};
		1BB87E0D2E901DFD00E69DDB /* Build configuration list for PBXNativeTarget "PinryShareExtension" */ = {
			isa = XCConfigurationList;
			buildConfigurations = (
				1BB87E0E2E901DFD00E69DDB /* Debug */,
				1BB87E0F2E901DFD00E69DDB /* Release */,
			);
			defaultConfigurationIsVisible = 0;
			defaultConfigurationName = Debug;
		};
/* End XCConfigurationList section */
	};
	rootObject = 1BB87DE62E901D2000E69DDB /* Project object */;
}
